
Microsoft Visual Studio Solution File, Format Version 12.00
# Visual Studio 15
VisualStudioVersion = 15.0.28307.852
MinimumVisualStudioVersion = 10.0.40219.1
Project("{FAE04EC0-301F-11D3-BF4B-00C04F79EFBC}") = "p76084300_hw1", "p76084300_hw1\p76084300_hw1.csproj", "{FDC250B0-4F2C-4DEE-89E2-70D9F19D0D89}"
EndProject
Global
	GlobalSection(SolutionConfigurationPlatforms) = preSolution
		Debug|Any CPU = Debug|Any CPU
		Release|Any CPU = Release|Any CPU
	EndGlobalSection
	GlobalSection(ProjectConfigurationPlatforms) = postSolution
		{FDC250B0-4F2C-4DEE-89E2-70D9F19D0D89}.Debug|Any CPU.ActiveCfg = Debug|Any CPU
		{FDC250B0-4F2C-4DEE-89E2-70D9F19D0D89}.Debug|Any CPU.Build.0 = Debug|Any CPU
		{FDC250B0-4F2C-4DEE-89E2-70D9F19D0D89}.Release|Any CPU.ActiveCfg = Release|Any CPU
		{FDC250B0-4F2C-4DEE-89E2-70D9F19D0D89}.Release|Any CPU.Build.0 = Release|Any CPU
	EndGlobalSection
	GlobalSection(SolutionProperties) = preSolution
		HideSolutionNode = FALSE
	EndGlobalSection
	GlobalSection(ExtensibilityGlobals) = postSolution
		SolutionGuid = {40FACE73-E85D-4AA2-BCBD-5009DEE3FBB2}
	EndGlobalSection
EndGlobal
